
Microsoft Visual Studio Solution File, Format Version 12.00
# Visual Studio 15
VisualStudioVersion = 15.0.27428.2005
MinimumVisualStudioVersion = 10.0.40219.1
Project("{FAE04EC0-301F-11D3-BF4B-00C04F79EFBC}") = "CafeApp.Winform", "CafeApp.Winform\CafeApp.Winform.csproj", "{15BFE02F-CDF0-4B14-B3D7-8CD796750AB6}"
EndProject
Project("{FAE04EC0-301F-11D3-BF4B-00C04F79EFBC}") = "CafeApp.Model", "CafeApp.Model\CafeApp.Model.csproj", "{0FE1245C-9A0F-43EE-8F70-304ADC3C87F0}"
EndProject
Project("{FAE04EC0-301F-11D3-BF4B-00C04F79EFBC}") = "CafeApp.Common", "CafeApp.Common\CafeApp.Common.csproj", "{40EFE533-C8C1-428C-9583-F37666540158}"
EndProject
Project("{FAE04EC0-301F-11D3-BF4B-00C04F79EFBC}") = "ConsoleApp1", "ConsoleApp1\ConsoleApp1.csproj", "{E7EF5644-26C9-4D19-8CF5-520EAFC93063}"
EndProject
Global
	GlobalSection(SolutionConfigurationPlatforms) = preSolution
		Debug|Any CPU = Debug|Any CPU
		Release|Any CPU = Release|Any CPU
	EndGlobalSection
	GlobalSection(ProjectConfigurationPlatforms) = postSolution
		{15BFE02F-CDF0-4B14-B3D7-8CD796750AB6}.Debug|Any CPU.ActiveCfg = Debug|Any CPU
		{15BFE02F-CDF0-4B14-B3D7-8CD796750AB6}.Debug|Any CPU.Build.0 = Debug|Any CPU
		{15BFE02F-CDF0-4B14-B3D7-8CD796750AB6}.Release|Any CPU.ActiveCfg = Release|Any CPU
		{15BFE02F-CDF0-4B14-B3D7-8CD796750AB6}.Release|Any CPU.Build.0 = Release|Any CPU
		{0FE1245C-9A0F-43EE-8F70-304ADC3C87F0}.Debug|Any CPU.ActiveCfg = Debug|Any CPU
		{0FE1245C-9A0F-43EE-8F70-304ADC3C87F0}.Debug|Any CPU.Build.0 = Debug|Any CPU
		{0FE1245C-9A0F-43EE-8F70-304ADC3C87F0}.Release|Any CPU.ActiveCfg = Release|Any CPU
		{0FE1245C-9A0F-43EE-8F70-304ADC3C87F0}.Release|Any CPU.Build.0 = Release|Any CPU
		{40EFE533-C8C1-428C-9583-F37666540158}.Debug|Any CPU.ActiveCfg = Debug|Any CPU
		{40EFE533-C8C1-428C-9583-F37666540158}.Debug|Any CPU.Build.0 = Debug|Any CPU
		{40EFE533-C8C1-428C-9583-F37666540158}.Release|Any CPU.ActiveCfg = Release|Any CPU
		{40EFE533-C8C1-428C-9583-F37666540158}.Release|Any CPU.Build.0 = Release|Any CPU
		{E7EF5644-26C9-4D19-8CF5-520EAFC93063}.Debug|Any CPU.ActiveCfg = Debug|Any CPU
		{E7EF5644-26C9-4D19-8CF5-520EAFC93063}.Debug|Any CPU.Build.0 = Debug|Any CPU
		{E7EF5644-26C9-4D19-8CF5-520EAFC93063}.Release|Any CPU.ActiveCfg = Release|Any CPU
		{E7EF5644-26C9-4D19-8CF5-520EAFC93063}.Release|Any CPU.Build.0 = Release|Any CPU
	EndGlobalSection
	GlobalSection(SolutionProperties) = preSolution
		HideSolutionNode = FALSE
	EndGlobalSection
	GlobalSection(ExtensibilityGlobals) = postSolution
		SolutionGuid = {2779F633-ACFB-4CF0-9155-26D5E9E4A2F1}
	EndGlobalSection
EndGlobal
